{
  "name": "clickerharvestnoko",
  "version": "1.0.0",
  "lockfileVersion": 3,
  "requires": true,
  "packages": {
    "": {
      "name": "clickerharvestnoko",
      "version": "1.0.0",
      "license": "ISC",
      "dependencies": {
        "@capacitor/haptics": "^6.0.1"
      }
    },
    "node_modules/@capacitor/core": {
      "version": "6.1.2",
      "resolved": "https://registry.npmjs.org/@capacitor/core/-/core-6.1.2.tgz",
      "integrity": "sha512-xFy1/4qLFLp5WCIzIhtwUuVNNoz36+V7/BzHmLqgVJcvotc4MMjswW/TshnPQaLLujEOaLkA4h8ZJ0uoK3ImGg==",
      "license": "MIT",
      "peer": true,
      "dependencies": {
        "tslib": "^2.1.0"
      }
    },
    "node_modules/@capacitor/haptics": {
      "version": "6.0.1",
      "resolved": "https://registry.npmjs.org/@capacitor/haptics/-/haptics-6.0.1.tgz",
      "integrity": "sha512-Q8hedLwfwTSWEYc3eoATzkdKHBaIceYe5bd7FjxQCENNH0is5Ft0EjSRPz/xpTn39ebK0ooZBDBCwsyl6tjiTA==",
      "license": "MIT",
      "peerDependencies": {
        "@capacitor/core": "^6.0.0"
      }
    },
    "node_modules/tslib": {
      "version": "2.6.3",
      "resolved": "https://registry.npmjs.org/tslib/-/tslib-2.6.3.tgz",
      "integrity": "sha512-xNvxJEOUiWPGhUuUdQgAJPKOOJfGnIyKySOc09XkKsgdUV/3E2zvwZYdejjmRgPCgcym1juLH3226yA7sEFJKQ==",
      "license": "0BSD",
      "peer": true
    }
  }
}
